
Microsoft Visual Studio Solution File, Format Version 12.00
# Visual Studio Version 18
VisualStudioVersion = 18.1.11312.151 d18.0
MinimumVisualStudioVersion = 10.0.40219.1
Project("{FAE04EC0-301F-11D3-BF4B-00C04F79EFBC}") = "BlazorAuth", "BlazorAuth.csproj", "{B63EBD03-1D61-CFC2-9506-73C2B81D0FBE}"
EndProject
Global
	GlobalSection(SolutionConfigurationPlatforms) = preSolution
		Debug|Any CPU = Debug|Any CPU
		Release|Any CPU = Release|Any CPU
	EndGlobalSection
	GlobalSection(ProjectConfigurationPlatforms) = postSolution
		{B63EBD03-1D61-CFC2-9506-73C2B81D0FBE}.Debug|Any CPU.ActiveCfg = Debug|Any CPU
		{B63EBD03-1D61-CFC2-9506-73C2B81D0FBE}.Debug|Any CPU.Build.0 = Debug|Any CPU
		{B63EBD03-1D61-CFC2-9506-73C2B81D0FBE}.Release|Any CPU.ActiveCfg = Release|Any CPU
		{B63EBD03-1D61-CFC2-9506-73C2B81D0FBE}.Release|Any CPU.Build.0 = Release|Any CPU
	EndGlobalSection
	GlobalSection(SolutionProperties) = preSolution
		HideSolutionNode = FALSE
	EndGlobalSection
	GlobalSection(ExtensibilityGlobals) = postSolution
		SolutionGuid = {E65395BB-1663-4926-82B5-8876F98B8AEE}
	EndGlobalSection
EndGlobal
